// !$*UTF8*$!
{
	archiveVersion = 1;
	classes = {
	};
	objectVersion = 51;
	objects = {

/* Begin PBXBuildFile section */
		1450FEF4F34099D696150B01 /* Pods_kadai8.framework in Frameworks */ = {isa = PBXBuildFile; fileRef = 2F4F392478BA37FC324E9F0D /* Pods_kadai8.framework */; };
		323252DC2497682B0018DE3C /* AppDelegate.swift in Sources */ = {isa = PBXBuildFile; fileRef = 323252DB2497682B0018DE3C /* AppDelegate.swift */; };
		323252DE2497682B0018DE3C /* SceneDelegate.swift in Sources */ = {isa = PBXBuildFile; fileRef = 323252DD2497682B0018DE3C /* SceneDelegate.swift */; };
		323252E02497682B0018DE3C /* ViewController.swift in Sources */ = {isa = PBXBuildFile; fileRef = 323252DF2497682B0018DE3C /* ViewController.swift */; };
		323252E32497682B0018DE3C /* Main.storyboard in Resources */ = {isa = PBXBuildFile; fileRef = 323252E12497682B0018DE3C /* Main.storyboard */; };
		323252E52497682D0018DE3C /* Assets.xcassets in Resources */ = {isa = PBXBuildFile; fileRef = 323252E42497682D0018DE3C /* Assets.xcassets */; };
		323252E82497682D0018DE3C /* LaunchScreen.storyboard in Resources */ = {isa = PBXBuildFile; fileRef = 323252E62497682D0018DE3C /* LaunchScreen.storyboard */; };
		323252F124976CF70018DE3C /* NextViewController.swift in Sources */ = {isa = PBXBuildFile; fileRef = 323252EF24976CF70018DE3C /* NextViewController.swift */; };
		323252F224976CF70018DE3C /* NextViewController.xib in Resources */ = {isa = PBXBuildFile; fileRef = 323252F024976CF70018DE3C /* NextViewController.xib */; };
		323252F5249770090018DE3C /* sdgsCollectionViewCell.swift in Sources */ = {isa = PBXBuildFile; fileRef = 323252F3249770090018DE3C /* sdgsCollectionViewCell.swift */; };
		323252F6249770090018DE3C /* sdgsCollectionViewCell.xib in Resources */ = {isa = PBXBuildFile; fileRef = 323252F4249770090018DE3C /* sdgsCollectionViewCell.xib */; };
		32411061249AFD1B00732BC2 /* AddViewController.swift in Sources */ = {isa = PBXBuildFile; fileRef = 3241105F249AFD1B00732BC2 /* AddViewController.swift */; };
		32411062249AFD1B00732BC2 /* AddViewController.xib in Resources */ = {isa = PBXBuildFile; fileRef = 32411060249AFD1B00732BC2 /* AddViewController.xib */; };
		32411064249B277600732BC2 /* Task.swift in Sources */ = {isa = PBXBuildFile; fileRef = 32411063249B277600732BC2 /* Task.swift */; };
		32708D202499B92700097252 /* TabStripViewController.swift in Sources */ = {isa = PBXBuildFile; fileRef = 32708D1E2499B92700097252 /* TabStripViewController.swift */; };
		32708D212499B92700097252 /* TabStripViewController.xib in Resources */ = {isa = PBXBuildFile; fileRef = 32708D1F2499B92700097252 /* TabStripViewController.xib */; };
		32708D242499EB8A00097252 /* SecondViewController.swift in Sources */ = {isa = PBXBuildFile; fileRef = 32708D222499EB8A00097252 /* SecondViewController.swift */; };
		32708D252499EB8A00097252 /* SecondViewController.xib in Resources */ = {isa = PBXBuildFile; fileRef = 32708D232499EB8A00097252 /* SecondViewController.xib */; };
		32708D28249A8E0100097252 /* ThirdViewController.swift in Sources */ = {isa = PBXBuildFile; fileRef = 32708D26249A8E0100097252 /* ThirdViewController.swift */; };
		32708D29249A8E0100097252 /* ThirdViewController.xib in Resources */ = {isa = PBXBuildFile; fileRef = 32708D27249A8E0100097252 /* ThirdViewController.xib */; };
		32708D2B249A910F00097252 /* GoogleService-Info.plist in Resources */ = {isa = PBXBuildFile; fileRef = 32708D2A249A910E00097252 /* GoogleService-Info.plist */; };
		32708D2E249A992A00097252 /* toDoTableViewCell.swift in Sources */ = {isa = PBXBuildFile; fileRef = 32708D2C249A992A00097252 /* toDoTableViewCell.swift */; };
		32708D2F249A992A00097252 /* toDoTableViewCell.xib in Resources */ = {isa = PBXBuildFile; fileRef = 32708D2D249A992A00097252 /* toDoTableViewCell.xib */; };
/* End PBXBuildFile section */

/* Begin PBXFileReference section */
		2F4F392478BA37FC324E9F0D /* Pods_kadai8.framework */ = {isa = PBXFileReference; explicitFileType = wrapper.framework; includeInIndex = 0; path = Pods_kadai8.framework; sourceTree = BUILT_PRODUCTS_DIR; };
		323252D82497682B0018DE3C /* kadai8.app */ = {isa = PBXFileReference; explicitFileType = wrapper.application; includeInIndex = 0; path = kadai8.app; sourceTree = BUILT_PRODUCTS_DIR; };
		323252DB2497682B0018DE3C /* AppDelegate.swift */ = {isa = PBXFileReference; lastKnownFileType = sourcecode.swift; path = AppDelegate.swift; sourceTree = "<group>"; };
		323252DD2497682B0018DE3C /* SceneDelegate.swift */ = {isa = PBXFileReference; lastKnownFileType = sourcecode.swift; path = SceneDelegate.swift; sourceTree = "<group>"; };
		323252DF2497682B0018DE3C /* ViewController.swift */ = {isa = PBXFileReference; lastKnownFileType = sourcecode.swift; path = ViewController.swift; sourceTree = "<group>"; };
		323252E22497682B0018DE3C /* Base */ = {isa = PBXFileReference; lastKnownFileType = file.storyboard; name = Base; path = Base.lproj/Main.storyboard; sourceTree = "<group>"; };
		323252E42497682D0018DE3C /* Assets.xcassets */ = {isa = PBXFileReference; lastKnownFileType = folder.assetcatalog; path = Assets.xcassets; sourceTree = "<group>"; };
		323252E72497682D0018DE3C /* Base */ = {isa = PBXFileReference; lastKnownFileType = file.storyboard; name = Base; path = Base.lproj/LaunchScreen.storyboard; sourceTree = "<group>"; };
		323252E92497682D0018DE3C /* Info.plist */ = {isa = PBXFileReference; lastKnownFileType = text.plist.xml; path = Info.plist; sourceTree = "<group>"; };
		323252EF24976CF70018DE3C /* NextViewController.swift */ = {isa = PBXFileReference; lastKnownFileType = sourcecode.swift; path = NextViewController.swift; sourceTree = "<group>"; };
		323252F024976CF70018DE3C /* NextViewController.xib */ = {isa = PBXFileReference; lastKnownFileType = file.xib; path = NextViewController.xib; sourceTree = "<group>"; };
		323252F3249770090018DE3C /* sdgsCollectionViewCell.swift */ = {isa = PBXFileReference; lastKnownFileType = sourcecode.swift; path = sdgsCollectionViewCell.swift; sourceTree = "<group>"; };
		323252F4249770090018DE3C /* sdgsCollectionViewCell.xib */ = {isa = PBXFileReference; lastKnownFileType = file.xib; path = sdgsCollectionViewCell.xib; sourceTree = "<group>"; };
		3241105F249AFD1B00732BC2 /* AddViewController.swift */ = {isa = PBXFileReference; lastKnownFileType = sourcecode.swift; path = AddViewController.swift; sourceTree = "<group>"; };
		32411060249AFD1B00732BC2 /* AddViewController.xib */ = {isa = PBXFileReference; lastKnownFileType = file.xib; path = AddViewController.xib; sourceTree = "<group>"; };
		32411063249B277600732BC2 /* Task.swift */ = {isa = PBXFileReference; lastKnownFileType = sourcecode.swift; path = Task.swift; sourceTree = "<group>"; };
		32708D1E2499B92700097252 /* TabStripViewController.swift */ = {isa = PBXFileReference; lastKnownFileType = sourcecode.swift; path = TabStripViewController.swift; sourceTree = "<group>"; };
		32708D1F2499B92700097252 /* TabStripViewController.xib */ = {isa = PBXFileReference; lastKnownFileType = file.xib; path = TabStripViewController.xib; sourceTree = "<group>"; };
		32708D222499EB8A00097252 /* SecondViewController.swift */ = {isa = PBXFileReference; lastKnownFileType = sourcecode.swift; path = SecondViewController.swift; sourceTree = "<group>"; };
		32708D232499EB8A00097252 /* SecondViewController.xib */ = {isa = PBXFileReference; lastKnownFileType = file.xib; path = SecondViewController.xib; sourceTree = "<group>"; };
		32708D26249A8E0100097252 /* ThirdViewController.swift */ = {isa = PBXFileReference; lastKnownFileType = sourcecode.swift; path = ThirdViewController.swift; sourceTree = "<group>"; };
		32708D27249A8E0100097252 /* ThirdViewController.xib */ = {isa = PBXFileReference; lastKnownFileType = file.xib; path = ThirdViewController.xib; sourceTree = "<group>"; };
		32708D2A249A910E00097252 /* GoogleService-Info.plist */ = {isa = PBXFileReference; fileEncoding = 4; lastKnownFileType = text.plist.xml; name = "GoogleService-Info.plist"; path = "../../../GoogleService-Info.plist"; sourceTree = "<group>"; };
		32708D2C249A992A00097252 /* toDoTableViewCell.swift */ = {isa = PBXFileReference; lastKnownFileType = sourcecode.swift; path = toDoTableViewCell.swift; sourceTree = "<group>"; };
		32708D2D249A992A00097252 /* toDoTableViewCell.xib */ = {isa = PBXFileReference; lastKnownFileType = file.xib; path = toDoTableViewCell.xib; sourceTree = "<group>"; };
		32708D30249AB39B00097252 /* kadai8.entitlements */ = {isa = PBXFileReference; lastKnownFileType = text.plist.entitlements; path = kadai8.entitlements; sourceTree = "<group>"; };
		8F5ABD29E30AA13B99B630DE /* Pods-kadai8.release.xcconfig */ = {isa = PBXFileReference; includeInIndex = 1; lastKnownFileType = text.xcconfig; name = "Pods-kadai8.release.xcconfig"; path = "Target Support Files/Pods-kadai8/Pods-kadai8.release.xcconfig"; sourceTree = "<group>"; };
		9DAABF821CD7A211BEBCC246 /* Pods-kadai8.debug.xcconfig */ = {isa = PBXFileReference; includeInIndex = 1; lastKnownFileType = text.xcconfig; name = "Pods-kadai8.debug.xcconfig"; path = "Target Support Files/Pods-kadai8/Pods-kadai8.debug.xcconfig"; sourceTree = "<group>"; };
/* End PBXFileReference section */

/* Begin PBXFrameworksBuildPhase section */
		323252D52497682B0018DE3C /* Frameworks */ = {
			isa = PBXFrameworksBuildPhase;
			buildActionMask = 2147483647;
			files = (
				1450FEF4F34099D696150B01 /* Pods_kadai8.framework in Frameworks */,
			);
			runOnlyForDeploymentPostprocessing = 0;
		};
/* End PBXFrameworksBuildPhase section */

/* Begin PBXGroup section */
		323252CF2497682B0018DE3C = {
			isa = PBXGroup;
			children = (
				323252DA2497682B0018DE3C /* kadai8 */,
				323252D92497682B0018DE3C /* Products */,
				A4F286C0928AB01C8C05F2F2 /* Pods */,
				E0157F3293828FE768F03079 /* Frameworks */,
			);
			sourceTree = "<group>";
		};
		323252D92497682B0018DE3C /* Products */ = {
			isa = PBXGroup;
			children = (
				323252D82497682B0018DE3C /* kadai8.app */,
			);
			name = Products;
			sourceTree = "<group>";
		};
		323252DA2497682B0018DE3C /* kadai8 */ = {
			isa = PBXGroup;
			children = (
				32708D30249AB39B00097252 /* kadai8.entitlements */,
				323252DB2497682B0018DE3C /* AppDelegate.swift */,
				323252DD2497682B0018DE3C /* SceneDelegate.swift */,
				323252DF2497682B0018DE3C /* ViewController.swift */,
				323252E12497682B0018DE3C /* Main.storyboard */,
				32411063249B277600732BC2 /* Task.swift */,
				323252E42497682D0018DE3C /* Assets.xcassets */,
				323252E62497682D0018DE3C /* LaunchScreen.storyboard */,
				323252E92497682D0018DE3C /* Info.plist */,
				32708D2A249A910E00097252 /* GoogleService-Info.plist */,
				323252EF24976CF70018DE3C /* NextViewController.swift */,
				323252F024976CF70018DE3C /* NextViewController.xib */,
				323252F3249770090018DE3C /* sdgsCollectionViewCell.swift */,
				323252F4249770090018DE3C /* sdgsCollectionViewCell.xib */,
				32708D1E2499B92700097252 /* TabStripViewController.swift */,
				32708D1F2499B92700097252 /* TabStripViewController.xib */,
				32708D222499EB8A00097252 /* SecondViewController.swift */,
				32708D232499EB8A00097252 /* SecondViewController.xib */,
				32708D26249A8E0100097252 /* ThirdViewController.swift */,
				32708D27249A8E0100097252 /* ThirdViewController.xib */,
				32708D2C249A992A00097252 /* toDoTableViewCell.swift */,
				32708D2D249A992A00097252 /* toDoTableViewCell.xib */,
				3241105F249AFD1B00732BC2 /* AddViewController.swift */,
				32411060249AFD1B00732BC2 /* AddViewController.xib */,
			);
			path = kadai8;
			sourceTree = "<group>";
		};
		A4F286C0928AB01C8C05F2F2 /* Pods */ = {
			isa = PBXGroup;
			children = (
				9DAABF821CD7A211BEBCC246 /* Pods-kadai8.debug.xcconfig */,
				8F5ABD29E30AA13B99B630DE /* Pods-kadai8.release.xcconfig */,
			);
			path = Pods;
			sourceTree = "<group>";
		};
		E0157F3293828FE768F03079 /* Frameworks */ = {
			isa = PBXGroup;
			children = (
				2F4F392478BA37FC324E9F0D /* Pods_kadai8.framework */,
			);
			name = Frameworks;
			sourceTree = "<group>";
		};
/* End PBXGroup section */

/* Begin PBXNativeTarget section */
		323252D72497682B0018DE3C /* kadai8 */ = {
			isa = PBXNativeTarget;
			buildConfigurationList = 323252EC2497682D0018DE3C /* Build configuration list for PBXNativeTarget "kadai8" */;
			buildPhases = (
				7AE7BC53B667BBC7E030025D /* [CP] Check Pods Manifest.lock */,
				323252D42497682B0018DE3C /* Sources */,
				323252D52497682B0018DE3C /* Frameworks */,
				323252D62497682B0018DE3C /* Resources */,
				2253BAC949D3530A3948CFAD /* [CP] Embed Pods Frameworks */,
				9748DF511EFB70028E99B5EB /* [CP] Copy Pods Resources */,
			);
			buildRules = (
			);
			dependencies = (
			);
			name = kadai8;
			productName = kadai8;
			productReference = 323252D82497682B0018DE3C /* kadai8.app */;
			productType = "com.apple.product-type.application";
		};
/* End PBXNativeTarget section */

/* Begin PBXProject section */
		323252D02497682B0018DE3C /* Project object */ = {
			isa = PBXProject;
			attributes = {
				LastSwiftUpdateCheck = 1150;
				LastUpgradeCheck = 1150;
				ORGANIZATIONNAME = "葛西　佳祐";
				TargetAttributes = {
					323252D72497682B0018DE3C = {
						CreatedOnToolsVersion = 11.5;
					};
				};
			};
			buildConfigurationList = 323252D32497682B0018DE3C /* Build configuration list for PBXProject "kadai8" */;
			compatibilityVersion = "Xcode 9.3";
			developmentRegion = en;
			hasScannedForEncodings = 0;
			knownRegions = (
				en,
				Base,
			);
			mainGroup = 323252CF2497682B0018DE3C;
			productRefGroup = 323252D92497682B0018DE3C /* Products */;
			projectDirPath = "";
			projectRoot = "";
			targets = (
				323252D72497682B0018DE3C /* kadai8 */,
			);
		};
/* End PBXProject section */

/* Begin PBXResourcesBuildPhase section */
		323252D62497682B0018DE3C /* Resources */ = {
			isa = PBXResourcesBuildPhase;
			buildActionMask = 2147483647;
			files = (
				32411062249AFD1B00732BC2 /* AddViewController.xib in Resources */,
				323252E82497682D0018DE3C /* LaunchScreen.storyboard in Resources */,
				32708D252499EB8A00097252 /* SecondViewController.xib in Resources */,
				32708D2B249A910F00097252 /* GoogleService-Info.plist in Resources */,
				32708D29249A8E0100097252 /* ThirdViewController.xib in Resources */,
				323252F224976CF70018DE3C /* NextViewController.xib in Resources */,
				323252F6249770090018DE3C /* sdgsCollectionViewCell.xib in Resources */,
				323252E52497682D0018DE3C /* Assets.xcassets in Resources */,
				323252E32497682B0018DE3C /* Main.storyboard in Resources */,
				32708D212499B92700097252 /* TabStripViewController.xib in Resources */,
				32708D2F249A992A00097252 /* toDoTableViewCell.xib in Resources */,
			);
			runOnlyForDeploymentPostprocessing = 0;
		};
/* End PBXResourcesBuildPhase section */

/* Begin PBXShellScriptBuildPhase section */
		2253BAC949D3530A3948CFAD /* [CP] Embed Pods Frameworks */ = {
			isa = PBXShellScriptBuildPhase;
			buildActionMask = 2147483647;
			files = (
			);
			inputFileListPaths = (
				"${PODS_ROOT}/Target Support Files/Pods-kadai8/Pods-kadai8-frameworks-${CONFIGURATION}-input-files.xcfilelist",
			);
			name = "[CP] Embed Pods Frameworks";
			outputFileListPaths = (
				"${PODS_ROOT}/Target Support Files/Pods-kadai8/Pods-kadai8-frameworks-${CONFIGURATION}-output-files.xcfilelist",
			);
			runOnlyForDeploymentPostprocessing = 0;
			shellPath = /bin/sh;
			shellScript = "\"${PODS_ROOT}/Target Support Files/Pods-kadai8/Pods-kadai8-frameworks.sh\"\n";
			showEnvVarsInLog = 0;
		};
		7AE7BC53B667BBC7E030025D /* [CP] Check Pods Manifest.lock */ = {
			isa = PBXShellScriptBuildPhase;
			buildActionMask = 2147483647;
			files = (
			);
			inputFileListPaths = (
			);
			inputPaths = (
				"${PODS_PODFILE_DIR_PATH}/Podfile.lock",
				"${PODS_ROOT}/Manifest.lock",
			);
			name = "[CP] Check Pods Manifest.lock";
			outputFileListPaths = (
			);
			outputPaths = (
				"$(DERIVED_FILE_DIR)/Pods-kadai8-checkManifestLockResult.txt",
			);
			runOnlyForDeploymentPostprocessing = 0;
			shellPath = /bin/sh;
			shellScript = "diff \"${PODS_PODFILE_DIR_PATH}/Podfile.lock\" \"${PODS_ROOT}/Manifest.lock\" > /dev/null\nif [ $? != 0 ] ; then\n    # print error to STDERR\n    echo \"error: The sandbox is not in sync with the Podfile.lock. Run 'pod install' or update your CocoaPods installation.\" >&2\n    exit 1\nfi\n# This output is used by Xcode 'outputs' to avoid re-running this script phase.\necho \"SUCCESS\" > \"${SCRIPT_OUTPUT_FILE_0}\"\n";
			showEnvVarsInLog = 0;
		};
		9748DF511EFB70028E99B5EB /* [CP] Copy Pods Resources */ = {
			isa = PBXShellScriptBuildPhase;
			buildActionMask = 2147483647;
			files = (
			);
			inputFileListPaths = (
				"${PODS_ROOT}/Target Support Files/Pods-kadai8/Pods-kadai8-resources-${CONFIGURATION}-input-files.xcfilelist",
			);
			name = "[CP] Copy Pods Resources";
			outputFileListPaths = (
				"${PODS_ROOT}/Target Support Files/Pods-kadai8/Pods-kadai8-resources-${CONFIGURATION}-output-files.xcfilelist",
			);
			runOnlyForDeploymentPostprocessing = 0;
			shellPath = /bin/sh;
			shellScript = "\"${PODS_ROOT}/Target Support Files/Pods-kadai8/Pods-kadai8-resources.sh\"\n";
			showEnvVarsInLog = 0;
		};
/* End PBXShellScriptBuildPhase section */

/* Begin PBXSourcesBuildPhase section */
		323252D42497682B0018DE3C /* Sources */ = {
			isa = PBXSourcesBuildPhase;
			buildActionMask = 2147483647;
			files = (
				32411061249AFD1B00732BC2 /* AddViewController.swift in Sources */,
				323252E02497682B0018DE3C /* ViewController.swift in Sources */,
				32708D2E249A992A00097252 /* toDoTableViewCell.swift in Sources */,
				323252F5249770090018DE3C /* sdgsCollectionViewCell.swift in Sources */,
				32411064249B277600732BC2 /* Task.swift in Sources */,
				323252F124976CF70018DE3C /* NextViewController.swift in Sources */,
				323252DC2497682B0018DE3C /* AppDelegate.swift in Sources */,
				32708D242499EB8A00097252 /* SecondViewController.swift in Sources */,
				323252DE2497682B0018DE3C /* SceneDelegate.swift in Sources */,
				32708D28249A8E0100097252 /* ThirdViewController.swift in Sources */,
				32708D202499B92700097252 /* TabStripViewController.swift in Sources */,
			);
			runOnlyForDeploymentPostprocessing = 0;
		};
/* End PBXSourcesBuildPhase section */

/* Begin PBXVariantGroup section */
		323252E12497682B0018DE3C /* Main.storyboard */ = {
			isa = PBXVariantGroup;
			children = (
				323252E22497682B0018DE3C /* Base */,
			);
			name = Main.storyboard;
			sourceTree = "<group>";
		};
		323252E62497682D0018DE3C /* LaunchScreen.storyboard */ = {
			isa = PBXVariantGroup;
			children = (
				323252E72497682D0018DE3C /* Base */,
			);
			name = LaunchScreen.storyboard;
			sourceTree = "<group>";
		};
/* End PBXVariantGroup section */

/* Begin XCBuildConfiguration section */
		323252EA2497682D0018DE3C /* Debug */ = {
			isa = XCBuildConfiguration;
			buildSettings = {
				ALWAYS_SEARCH_USER_PATHS = NO;
				CLANG_ANALYZER_NONNULL = YES;
				CLANG_ANALYZER_NUMBER_OBJECT_CONVERSION = YES_AGGRESSIVE;
				CLANG_CXX_LANGUAGE_STANDARD = "gnu++14";
				CLANG_CXX_LIBRARY = "libc++";
				CLANG_ENABLE_MODULES = YES;
				CLANG_ENABLE_OBJC_ARC = YES;
				CLANG_ENABLE_OBJC_WEAK = YES;
				CLANG_WARN_BLOCK_CAPTURE_AUTORELEASING = YES;
				CLANG_WARN_BOOL_CONVERSION = YES;
				CLANG_WARN_COMMA = YES;
				CLANG_WARN_CONSTANT_CONVERSION = YES;
				CLANG_WARN_DEPRECATED_OBJC_IMPLEMENTATIONS = YES;
				CLANG_WARN_DIRECT_OBJC_ISA_USAGE = YES_ERROR;
				CLANG_WARN_DOCUMENTATION_COMMENTS = YES;
				CLANG_WARN_EMPTY_BODY = YES;
				CLANG_WARN_ENUM_CONVERSION = YES;
				CLANG_WARN_INFINITE_RECURSION = YES;
				CLANG_WARN_INT_CONVERSION = YES;
				CLANG_WARN_NON_LITERAL_NULL_CONVERSION = YES;
				CLANG_WARN_OBJC_IMPLICIT_RETAIN_SELF = YES;
				CLANG_WARN_OBJC_LITERAL_CONVERSION = YES;
				CLANG_WARN_OBJC_ROOT_CLASS = YES_ERROR;
				CLANG_WARN_RANGE_LOOP_ANALYSIS = YES;
				CLANG_WARN_STRICT_PROTOTYPES = YES;
				CLANG_WARN_SUSPICIOUS_MOVE = YES;
				CLANG_WARN_UNGUARDED_AVAILABILITY = YES_AGGRESSIVE;
				CLANG_WARN_UNREACHABLE_CODE = YES;
				CLANG_WARN__DUPLICATE_METHOD_MATCH = YES;
				COPY_PHASE_STRIP = NO;
				DEBUG_INFORMATION_FORMAT = dwarf;
				ENABLE_STRICT_OBJC_MSGSEND = YES;
				ENABLE_TESTABILITY = YES;
				GCC_C_LANGUAGE_STANDARD = gnu11;
				GCC_DYNAMIC_NO_PIC = NO;
				GCC_NO_COMMON_BLOCKS = YES;
				GCC_OPTIMIZATION_LEVEL = 0;
				GCC_PREPROCESSOR_DEFINITIONS = (
					"DEBUG=1",
					"$(inherited)",
				);
				GCC_WARN_64_TO_32_BIT_CONVERSION = YES;
				GCC_WARN_ABOUT_RETURN_TYPE = YES_ERROR;
				GCC_WARN_UNDECLARED_SELECTOR = YES;
				GCC_WARN_UNINITIALIZED_AUTOS = YES_AGGRESSIVE;
				GCC_WARN_UNUSED_FUNCTION = YES;
				GCC_WARN_UNUSED_VARIABLE = YES;
				IPHONEOS_DEPLOYMENT_TARGET = 13.5;
				MTL_ENABLE_DEBUG_INFO = INCLUDE_SOURCE;
				MTL_FAST_MATH = YES;
				ONLY_ACTIVE_ARCH = YES;
				SDKROOT = iphoneos;
				SWIFT_ACTIVE_COMPILATION_CONDITIONS = DEBUG;
				SWIFT_OPTIMIZATION_LEVEL = "-Onone";
			};
			name = Debug;
		};
		323252EB2497682D0018DE3C /* Release */ = {
			isa = XCBuildConfiguration;
			buildSettings = {
				ALWAYS_SEARCH_USER_PATHS = NO;
				CLANG_ANALYZER_NONNULL = YES;
				CLANG_ANALYZER_NUMBER_OBJECT_CONVERSION = YES_AGGRESSIVE;
				CLANG_CXX_LANGUAGE_STANDARD = "gnu++14";
				CLANG_CXX_LIBRARY = "libc++";
				CLANG_ENABLE_MODULES = YES;
				CLANG_ENABLE_OBJC_ARC = YES;
				CLANG_ENABLE_OBJC_WEAK = YES;
				CLANG_WARN_BLOCK_CAPTURE_AUTORELEASING = YES;
				CLANG_WARN_BOOL_CONVERSION = YES;
				CLANG_WARN_COMMA = YES;
				CLANG_WARN_CONSTANT_CONVERSION = YES;
				CLANG_WARN_DEPRECATED_OBJC_IMPLEMENTATIONS = YES;
				CLANG_WARN_DIRECT_OBJC_ISA_USAGE = YES_ERROR;
				CLANG_WARN_DOCUMENTATION_COMMENTS = YES;
				CLANG_WARN_EMPTY_BODY = YES;
				CLANG_WARN_ENUM_CONVERSION = YES;
				CLANG_WARN_INFINITE_RECURSION = YES;
				CLANG_WARN_INT_CONVERSION = YES;
				CLANG_WARN_NON_LITERAL_NULL_CONVERSION = YES;
				CLANG_WARN_OBJC_IMPLICIT_RETAIN_SELF = YES;
				CLANG_WARN_OBJC_LITERAL_CONVERSION = YES;
				CLANG_WARN_OBJC_ROOT_CLASS = YES_ERROR;
				CLANG_WARN_RANGE_LOOP_ANALYSIS = YES;
				CLANG_WARN_STRICT_PROTOTYPES = YES;
				CLANG_WARN_SUSPICIOUS_MOVE = YES;
				CLANG_WARN_UNGUARDED_AVAILABILITY = YES_AGGRESSIVE;
				CLANG_WARN_UNREACHABLE_CODE = YES;
				CLANG_WARN__DUPLICATE_METHOD_MATCH = YES;
				COPY_PHASE_STRIP = NO;
				DEBUG_INFORMATION_FORMAT = "dwarf-with-dsym";
				ENABLE_NS_ASSERTIONS = NO;
				ENABLE_STRICT_OBJC_MSGSEND = YES;
				GCC_C_LANGUAGE_STANDARD = gnu11;
				GCC_NO_COMMON_BLOCKS = YES;
				GCC_WARN_64_TO_32_BIT_CONVERSION = YES;
				GCC_WARN_ABOUT_RETURN_TYPE = YES_ERROR;
				GCC_WARN_UNDECLARED_SELECTOR = YES;
				GCC_WARN_UNINITIALIZED_AUTOS = YES_AGGRESSIVE;
				GCC_WARN_UNUSED_FUNCTION = YES;
				GCC_WARN_UNUSED_VARIABLE = YES;
				IPHONEOS_DEPLOYMENT_TARGET = 13.5;
				MTL_ENABLE_DEBUG_INFO = NO;
				MTL_FAST_MATH = YES;
				SDKROOT = iphoneos;
				SWIFT_COMPILATION_MODE = wholemodule;
				SWIFT_OPTIMIZATION_LEVEL = "-O";
				VALIDATE_PRODUCT = YES;
			};
			name = Release;
		};
		323252ED2497682D0018DE3C /* Debug */ = {
			isa = XCBuildConfiguration;
			baseConfigurationReference = 9DAABF821CD7A211BEBCC246 /* Pods-kadai8.debug.xcconfig */;
			buildSettings = {
				ASSETCATALOG_COMPILER_APPICON_NAME = AppIcon;
				CODE_SIGN_ENTITLEMENTS = kadai8/kadai8.entitlements;
				CODE_SIGN_STYLE = Automatic;
				DEVELOPMENT_TEAM = R6FYHGP54R;
				INFOPLIST_FILE = kadai8/Info.plist;
				LD_RUNPATH_SEARCH_PATHS = (
					"$(inherited)",
					"@executable_path/Frameworks",
				);
				PRODUCT_BUNDLE_IDENTIFIER = com.comAutolayout.kadai8;
				PRODUCT_NAME = "$(TARGET_NAME)";
				SWIFT_VERSION = 5.0;
				TARGETED_DEVICE_FAMILY = "1,2";
			};
			name = Debug;
		};
		323252EE2497682D0018DE3C /* Release */ = {
			isa = XCBuildConfiguration;
			baseConfigurationReference = 8F5ABD29E30AA13B99B630DE /* Pods-kadai8.release.xcconfig */;
			buildSettings = {
				ASSETCATALOG_COMPILER_APPICON_NAME = AppIcon;
				CODE_SIGN_ENTITLEMENTS = kadai8/kadai8.entitlements;
				CODE_SIGN_STYLE = Automatic;
				DEVELOPMENT_TEAM = R6FYHGP54R;
				INFOPLIST_FILE = kadai8/Info.plist;
				LD_RUNPATH_SEARCH_PATHS = (
					"$(inherited)",
					"@executable_path/Frameworks",
				);
				PRODUCT_BUNDLE_IDENTIFIER = com.comAutolayout.kadai8;
				PRODUCT_NAME = "$(TARGET_NAME)";
				SWIFT_VERSION = 5.0;
				TARGETED_DEVICE_FAMILY = "1,2";
			};
			name = Release;
		};
/* End XCBuildConfiguration section */

/* Begin XCConfigurationList section */
		323252D32497682B0018DE3C /* Build configuration list for PBXProject "kadai8" */ = {
			isa = XCConfigurationList;
			buildConfigurations = (
				323252EA2497682D0018DE3C /* Debug */,
				323252EB2497682D0018DE3C /* Release */,
			);
			defaultConfigurationIsVisible = 0;
			defaultConfigurationName = Release;
		};
		323252EC2497682D0018DE3C /* Build configuration list for PBXNativeTarget "kadai8" */ = {
			isa = XCConfigurationList;
			buildConfigurations = (
				323252ED2497682D0018DE3C /* Debug */,
				323252EE2497682D0018DE3C /* Release */,
			);
			defaultConfigurationIsVisible = 0;
			defaultConfigurationName = Release;
		};
/* End XCConfigurationList section */
	};
	rootObject = 323252D02497682B0018DE3C /* Project object */;
}
